
Microsoft Visual Studio Solution File, Format Version 12.00
# Visual Studio Version 17
VisualStudioVersion = 17.5.002.0
MinimumVisualStudioVersion = 10.0.40219.1
Project("{9A19103F-16F7-4668-BE54-9A1E7A4F7556}") = "FujiImageMover", "FujiImageMover\FujiImageMover.csproj", "{5CDB8B22-D4E1-4F33-8267-D9A6DD97C420}"
EndProject
Global
	GlobalSection(SolutionConfigurationPlatforms) = preSolution
		Debug|Any CPU = Debug|Any CPU
		Release|Any CPU = Release|Any CPU
	EndGlobalSection
	GlobalSection(ProjectConfigurationPlatforms) = postSolution
		{5CDB8B22-D4E1-4F33-8267-D9A6DD97C420}.Debug|Any CPU.ActiveCfg = Debug|Any CPU
		{5CDB8B22-D4E1-4F33-8267-D9A6DD97C420}.Debug|Any CPU.Build.0 = Debug|Any CPU
		{5CDB8B22-D4E1-4F33-8267-D9A6DD97C420}.Release|Any CPU.ActiveCfg = Release|Any CPU
		{5CDB8B22-D4E1-4F33-8267-D9A6DD97C420}.Release|Any CPU.Build.0 = Release|Any CPU
	EndGlobalSection
	GlobalSection(SolutionProperties) = preSolution
		HideSolutionNode = FALSE
	EndGlobalSection
	GlobalSection(ExtensibilityGlobals) = postSolution
		SolutionGuid = {11410D7B-DBA8-456D-89B6-F3E540D58B46}
	EndGlobalSection
EndGlobal
